
Microsoft Visual Studio Solution File, Format Version 12.00
# Visual Studio Version 16
VisualStudioVersion = 16.0.29519.87
MinimumVisualStudioVersion = 10.0.40219.1
Project("{FAE04EC0-301F-11D3-BF4B-00C04F79EFBC}") = "Dados", "Dados.csproj", "{1CBDB88F-4F65-4466-8AE9-70D19B9EFE81}"
EndProject
Global
	GlobalSection(SolutionConfigurationPlatforms) = preSolution
		Debug|Any CPU = Debug|Any CPU
		Release|Any CPU = Release|Any CPU
	EndGlobalSection
	GlobalSection(ProjectConfigurationPlatforms) = postSolution
		{1CBDB88F-4F65-4466-8AE9-70D19B9EFE81}.Debug|Any CPU.ActiveCfg = Debug|Any CPU
		{1CBDB88F-4F65-4466-8AE9-70D19B9EFE81}.Debug|Any CPU.Build.0 = Debug|Any CPU
		{1CBDB88F-4F65-4466-8AE9-70D19B9EFE81}.Release|Any CPU.ActiveCfg = Release|Any CPU
		{1CBDB88F-4F65-4466-8AE9-70D19B9EFE81}.Release|Any CPU.Build.0 = Release|Any CPU
	EndGlobalSection
	GlobalSection(SolutionProperties) = preSolution
		HideSolutionNode = FALSE
	EndGlobalSection
	GlobalSection(ExtensibilityGlobals) = postSolution
		SolutionGuid = {4B8E9F0A-59AB-4FC2-A46A-A89C420A706F}
	EndGlobalSection
EndGlobal
